
Microsoft Visual Studio Solution File, Format Version 12.00
# Visual Studio Version 17
VisualStudioVersion = 17.0.31903.59
MinimumVisualStudioVersion = 10.0.40219.1
Project("{FAE04EC0-301F-11D3-BF4B-00C04F79EFBC}") = "WPF_task12", "WPF_task12.csproj", "{2A688A35-5B24-4205-917E-3134D9347776}"
EndProject
Global
	GlobalSection(SolutionConfigurationPlatforms) = preSolution
		Debug|Any CPU = Debug|Any CPU
		Release|Any CPU = Release|Any CPU
	EndGlobalSection
	GlobalSection(ProjectConfigurationPlatforms) = postSolution
		{2A688A35-5B24-4205-917E-3134D9347776}.Debug|Any CPU.ActiveCfg = Debug|Any CPU
		{2A688A35-5B24-4205-917E-3134D9347776}.Debug|Any CPU.Build.0 = Debug|Any CPU
		{2A688A35-5B24-4205-917E-3134D9347776}.Release|Any CPU.ActiveCfg = Release|Any CPU
		{2A688A35-5B24-4205-917E-3134D9347776}.Release|Any CPU.Build.0 = Release|Any CPU
	EndGlobalSection
	GlobalSection(SolutionProperties) = preSolution
		HideSolutionNode = FALSE
	EndGlobalSection
	GlobalSection(ExtensibilityGlobals) = postSolution
		SolutionGuid = {2E3881BF-7010-47D2-B9F2-BB1D9158C431}
	EndGlobalSection
EndGlobal
